
Microsoft Visual Studio Solution File, Format Version 12.00
# Visual Studio 15
VisualStudioVersion = 15.0.28307.489
MinimumVisualStudioVersion = 10.0.40219.1
Project("{FAE04EC0-301F-11D3-BF4B-00C04F79EFBC}") = "Lab07", "Lab07\Lab07.csproj", "{F36B0289-D47B-4F1D-854D-4B7C5ABAD619}"
EndProject
Global
	GlobalSection(SolutionConfigurationPlatforms) = preSolution
		Debug|Any CPU = Debug|Any CPU
		Release|Any CPU = Release|Any CPU
	EndGlobalSection
	GlobalSection(ProjectConfigurationPlatforms) = postSolution
		{F36B0289-D47B-4F1D-854D-4B7C5ABAD619}.Debug|Any CPU.ActiveCfg = Debug|Any CPU
		{F36B0289-D47B-4F1D-854D-4B7C5ABAD619}.Debug|Any CPU.Build.0 = Debug|Any CPU
		{F36B0289-D47B-4F1D-854D-4B7C5ABAD619}.Release|Any CPU.ActiveCfg = Release|Any CPU
		{F36B0289-D47B-4F1D-854D-4B7C5ABAD619}.Release|Any CPU.Build.0 = Release|Any CPU
	EndGlobalSection
	GlobalSection(SolutionProperties) = preSolution
		HideSolutionNode = FALSE
	EndGlobalSection
	GlobalSection(ExtensibilityGlobals) = postSolution
		SolutionGuid = {5EB907C4-D0A6-4356-9935-ACE426364CED}
	EndGlobalSection
EndGlobal
